
Microsoft Visual Studio Solution File, Format Version 12.00
# Visual Studio Version 17
VisualStudioVersion = 17.2.32630.192
MinimumVisualStudioVersion = 10.0.40219.1
Project("{FAE04EC0-301F-11D3-BF4B-00C04F79EFBC}") = "SECTION B PRACTICAL SOLUTION SUMMATIVE ASSESSEMENT", "SECTION B PRACTICAL SOLUTION SUMMATIVE ASSESSEMENT.csproj", "{A97209AC-7CA8-48CE-A861-F1AA3CB891AE}"
EndProject
Global
	GlobalSection(SolutionConfigurationPlatforms) = preSolution
		Debug|Any CPU = Debug|Any CPU
		Release|Any CPU = Release|Any CPU
	EndGlobalSection
	GlobalSection(ProjectConfigurationPlatforms) = postSolution
		{A97209AC-7CA8-48CE-A861-F1AA3CB891AE}.Debug|Any CPU.ActiveCfg = Debug|Any CPU
		{A97209AC-7CA8-48CE-A861-F1AA3CB891AE}.Debug|Any CPU.Build.0 = Debug|Any CPU
		{A97209AC-7CA8-48CE-A861-F1AA3CB891AE}.Release|Any CPU.ActiveCfg = Release|Any CPU
		{A97209AC-7CA8-48CE-A861-F1AA3CB891AE}.Release|Any CPU.Build.0 = Release|Any CPU
	EndGlobalSection
	GlobalSection(SolutionProperties) = preSolution
		HideSolutionNode = FALSE
	EndGlobalSection
	GlobalSection(ExtensibilityGlobals) = postSolution
		SolutionGuid = {4E566375-C487-4704-83C4-3266303C847D}
	EndGlobalSection
EndGlobal
